{
  "nodes": {
    "darwin": {
      "inputs": {
        "nixpkgs": [
          "nixpkgs"
        ]
      },
      "locked": {
        "lastModified": 1663492236,
        "narHash": "sha256-KzgrcFVhv/Ca7m83SaijE0W+tLHzjoypHZm9gHGS+cY=",
        "owner": "lnl7",
        "repo": "nix-darwin",
        "rev": "de4d41ee9fd12a60236c1f35cead7c511dac08eb",
        "type": "github"
      },
      "original": {
        "owner": "lnl7",
        "ref": "master",
        "repo": "nix-darwin",
        "type": "github"
      }
    },
    "deploy-rs": {
      "inputs": {
        "flake-compat": "flake-compat",
        "nixpkgs": "nixpkgs",
        "utils": "utils"
      },
      "locked": {
        "lastModified": 1653594315,
        "narHash": "sha256-kJ0ENmnQJ4qL2FeYKZba9kvv1KmIuB3NVpBwMeI7AJQ=",
        "owner": "serokell",
        "repo": "deploy-rs",
        "rev": "184349d8149436748986d1bdba087e4149e9c160",
        "type": "github"
      },
      "original": {
        "owner": "serokell",
        "repo": "deploy-rs",
        "type": "github"
      }
    },
    "emacs-overlay": {
      "inputs": {
        "flake-utils": "flake-utils",
        "nixpkgs": "nixpkgs_2"
      },
      "locked": {
        "lastModified": 1659086644,
        "narHash": "sha256-VGK2BgT8JHK6m8cJZeNrApZkfEg6ArQVvnHdY8d6CJ0=",
        "owner": "nix-community",
        "repo": "emacs-overlay",
        "rev": "30a3d95bb4d9812e26822260b6ac45efde0d7700",
        "type": "github"
      },
      "original": {
        "owner": "nix-community",
        "repo": "emacs-overlay",
        "type": "github"
      }
    },
    "flake-compat": {
      "flake": false,
      "locked": {
        "lastModified": 1648199409,
        "narHash": "sha256-JwPKdC2PoVBkG6E+eWw3j6BMR6sL3COpYWfif7RVb8Y=",
        "owner": "edolstra",
        "repo": "flake-compat",
        "rev": "64a525ee38886ab9028e6f61790de0832aa3ef03",
        "type": "github"
      },
      "original": {
        "owner": "edolstra",
        "repo": "flake-compat",
        "type": "github"
      }
    },
    "flake-utils": {
      "locked": {
        "lastModified": 1656928814,
        "narHash": "sha256-RIFfgBuKz6Hp89yRr7+NR5tzIAbn52h8vT6vXkYjZoM=",
        "owner": "numtide",
        "repo": "flake-utils",
        "rev": "7e2a3b3dfd9af950a856d66b0a7d01e3c18aa249",
        "type": "github"
      },
      "original": {
        "owner": "numtide",
        "repo": "flake-utils",
        "type": "github"
      }
    },
    "home-manager": {
      "inputs": {
        "nixpkgs": [
          "nixpkgs"
        ],
        "utils": "utils_2"
      },
      "locked": {
        "lastModified": 1658924727,
        "narHash": "sha256-Fhh9FK9CvuCLxG1WkWJPoendDeXKI4gHYTfezo1n2Zg=",
        "owner": "rycee",
        "repo": "home-manager",
        "rev": "0e2f7876d2f2ae98a67d89a8bef8c49332aae5af",
        "type": "github"
      },
      "original": {
        "owner": "rycee",
        "ref": "master",
        "repo": "home-manager",
        "type": "github"
      }
    },
    "nixos-hardware": {
      "locked": {
        "lastModified": 1658401027,
        "narHash": "sha256-z/sDfzsFOoWNO9nZGfxDCNjHqXvSVZLDBDSgzr9qDXE=",
        "owner": "nixos",
        "repo": "nixos-hardware",
        "rev": "83009edccc2e24afe3d0165ed98b60ff7471a5f8",
        "type": "github"
      },
      "original": {
        "owner": "nixos",
        "repo": "nixos-hardware",
        "type": "github"
      }
    },
    "nixpkgs": {
      "locked": {
        "lastModified": 1648219316,
        "narHash": "sha256-Ctij+dOi0ZZIfX5eMhgwugfvB+WZSrvVNAyAuANOsnQ=",
        "owner": "NixOS",
        "repo": "nixpkgs",
        "rev": "30d3d79b7d3607d56546dd2a6b49e156ba0ec634",
        "type": "github"
      },
      "original": {
        "owner": "NixOS",
        "ref": "nixpkgs-unstable",
        "repo": "nixpkgs",
        "type": "github"
      }
    },
    "nixpkgs-unstable": {
      "locked": {
        "lastModified": 1659608791,
        "narHash": "sha256-zgiovVVAqO1hmxfiUAFlj65v2BhO3li3p3yu12wgBy8=",
        "owner": "NixOS",
        "repo": "nixpkgs",
        "rev": "5d1438bb9f92fc8dbdd0b90fc7ec62cce4fa4b85",
        "type": "github"
      },
      "original": {
        "id": "nixpkgs",
        "ref": "master",
        "type": "indirect"
      }
    },
    "nixpkgs_2": {
      "locked": {
        "lastModified": 1655400192,
        "narHash": "sha256-49OBVVRgb9H/PSmNT9W61+NRdDbuSJVuDDflwXlaUKU=",
        "path": "/nix/store/8bsb163rp5q6wdjapsyk83l99rsxrg1r-source",
        "rev": "3d7435c638baffaa826b85459df0fff47f12317d",
        "type": "path"
      },
      "original": {
        "id": "nixpkgs",
        "type": "indirect"
      }
    },
    "nixpkgs_3": {
      "locked": {
        "lastModified": 1658916876,
        "narHash": "sha256-BG7MCClmy9esk8pZLCtKoggNv91tAMm7P6dGHXMl3zc=",
        "owner": "NixOS",
        "repo": "nixpkgs",
        "rev": "2b0dd45aca6a260762395ca2e94beab247f455a7",
        "type": "github"
      },
      "original": {
        "id": "nixpkgs",
        "ref": "nixos-unstable",
        "type": "indirect"
      }
    },
    "root": {
      "inputs": {
        "darwin": "darwin",
        "deploy-rs": "deploy-rs",
        "emacs-overlay": "emacs-overlay",
        "home-manager": "home-manager",
        "nixos-hardware": "nixos-hardware",
        "nixpkgs": "nixpkgs_3",
        "nixpkgs-unstable": "nixpkgs-unstable",
        "vale-Google": "vale-Google",
        "vale-Joblint": "vale-Joblint",
        "vale-Microsoft": "vale-Microsoft",
        "vale-alex": "vale-alex",
        "vale-proselint": "vale-proselint",
        "vale-write-good": "vale-write-good"
      }
    },
    "utils": {
      "locked": {
        "lastModified": 1648297722,
        "narHash": "sha256-W+qlPsiZd8F3XkzXOzAoR+mpFqzm3ekQkJNa+PIh1BQ=",
        "owner": "numtide",
        "repo": "flake-utils",
        "rev": "0f8662f1319ad6abf89b3380dd2722369fc51ade",
        "type": "github"
      },
      "original": {
        "owner": "numtide",
        "repo": "flake-utils",
        "type": "github"
      }
    },
    "utils_2": {
      "locked": {
        "lastModified": 1653893745,
        "narHash": "sha256-0jntwV3Z8//YwuOjzhV2sgJJPt+HY6KhU7VZUL0fKZQ=",
        "owner": "numtide",
        "repo": "flake-utils",
        "rev": "1ed9fb1935d260de5fe1c2f7ee0ebaae17ed2fa1",
        "type": "github"
      },
      "original": {
        "owner": "numtide",
        "repo": "flake-utils",
        "type": "github"
      }
    },
    "vale-Google": {
      "flake": false,
      "locked": {
        "lastModified": 1629142730,
        "narHash": "sha256-qW5vvD8LCsBia/0cL0LY4g1WGx2pQIUWuqhVPDdTkjw=",
        "owner": "errata-ai",
        "repo": "Google",
        "rev": "9d31bf781694a3f2fbd0e1cc4d93dd61d1e3c447",
        "type": "github"
      },
      "original": {
        "owner": "errata-ai",
        "repo": "Google",
        "type": "github"
      }
    },
    "vale-Joblint": {
      "flake": false,
      "locked": {
        "lastModified": 1617823289,
        "narHash": "sha256-zRz5ThOg5RLTZj3dYPe0PDvOF5DjO31lduSpi2Us87U=",
        "owner": "errata-ai",
        "repo": "Joblint",
        "rev": "0be7f386e90ac7490663d7582754f0179a69d882",
        "type": "github"
      },
      "original": {
        "owner": "errata-ai",
        "repo": "Joblint",
        "type": "github"
      }
    },
    "vale-Microsoft": {
      "flake": false,
      "locked": {
        "lastModified": 1645395404,
        "narHash": "sha256-SmfRHfxrP4dFwYKEJ+ysKKCjuqdUDt36HCOTo5Bbw0w=",
        "owner": "errata-ai",
        "repo": "Microsoft",
        "rev": "26acca62396038d7c46a56ea631c2a5261edf767",
        "type": "github"
      },
      "original": {
        "owner": "errata-ai",
        "repo": "Microsoft",
        "type": "github"
      }
    },
    "vale-alex": {
      "flake": false,
      "locked": {
        "lastModified": 1657824468,
        "narHash": "sha256-7VevucjAkj7zsxGl68ZU1yUy4ZVc4R3o8yTfqg2DbyQ=",
        "owner": "errata-ai",
        "repo": "alex",
        "rev": "a2aeb8a22ed698f4c254b7c93621f48a336835a7",
        "type": "github"
      },
      "original": {
        "owner": "errata-ai",
        "repo": "alex",
        "type": "github"
      }
    },
    "vale-proselint": {
      "flake": false,
      "locked": {
        "lastModified": 1604717132,
        "narHash": "sha256-zOSQ7tvZH8v0nS5E8YhvZhA4L+GvkdMugM+eXqJbaxU=",
        "owner": "errata-ai",
        "repo": "proselint",
        "rev": "f9cc800a459bddebdac1ad517bc2bc4b5522153d",
        "type": "github"
      },
      "original": {
        "owner": "errata-ai",
        "repo": "proselint",
        "type": "github"
      }
    },
    "vale-write-good": {
      "flake": false,
      "locked": {
        "lastModified": 1588623410,
        "narHash": "sha256-A0vuV4BdumbCb14wxiH5Sc9S75Yx8xwQqWzpfi43+ls=",
        "owner": "errata-ai",
        "repo": "write-good",
        "rev": "2d116619b7662d9d59201e8808254e715fc83cc8",
        "type": "github"
      },
      "original": {
        "owner": "errata-ai",
        "repo": "write-good",
        "type": "github"
      }
    }
  },
  "root": "root",
  "version": 7
}
