{
  "nodes": {
    "darwin": {
      "inputs": {
        "nixpkgs": [
          "nixpkgs"
        ]
      },
      "locked": {
        "lastModified": 1634994402,
        "narHash": "sha256-xmlCVVOYGpZoxgOqsDOVF0B0ASrnbNGVAEzID9qh2xo=",
        "owner": "lnl7",
        "repo": "nix-darwin",
        "rev": "44da835ac40dab5fd231298b59d83487382d2fab",
        "type": "github"
      },
      "original": {
        "owner": "lnl7",
        "ref": "master",
        "repo": "nix-darwin",
        "type": "github"
      }
    },
    "deploy-rs": {
      "inputs": {
        "flake-compat": "flake-compat",
        "nixpkgs": "nixpkgs",
        "utils": "utils"
      },
      "locked": {
        "lastModified": 1632822684,
        "narHash": "sha256-lt7eayYmgsD5OQwpb1XYfHpxttn43bWo7G7hIJs+zJw=",
        "owner": "serokell",
        "repo": "deploy-rs",
        "rev": "9a02de4373e0ec272d08a417b269a28ac8b961b4",
        "type": "github"
      },
      "original": {
        "owner": "serokell",
        "repo": "deploy-rs",
        "type": "github"
      }
    },
    "emacs-overlay": {
      "locked": {
        "lastModified": 1635183298,
        "narHash": "sha256-C0VopVxzm2i//6Dy8onliLZPlpN5AI+oKlRURluNs58=",
        "owner": "nix-community",
        "repo": "emacs-overlay",
        "rev": "087c697a615cc651d7af0751899118f11924813f",
        "type": "github"
      },
      "original": {
        "owner": "nix-community",
        "repo": "emacs-overlay",
        "type": "github"
      }
    },
    "flake-compat": {
      "flake": false,
      "locked": {
        "lastModified": 1627913399,
        "narHash": "sha256-hY8g6H2KFL8ownSiFeMOjwPC8P0ueXpCVEbxgda3pko=",
        "owner": "edolstra",
        "repo": "flake-compat",
        "rev": "12c64ca55c1014cdc1b16ed5a804aa8576601ff2",
        "type": "github"
      },
      "original": {
        "owner": "edolstra",
        "repo": "flake-compat",
        "type": "github"
      }
    },
    "home-manager": {
      "inputs": {
        "nixpkgs": [
          "nixpkgs"
        ]
      },
      "locked": {
        "lastModified": 1635123562,
        "narHash": "sha256-kYuwQqHXDYxy5ijpm8SvCoPNx0br1TpoWeTIOEwOYvA=",
        "owner": "rycee",
        "repo": "home-manager",
        "rev": "da8a78eec9f7adb57f9e961d1da64805efacff37",
        "type": "github"
      },
      "original": {
        "owner": "rycee",
        "ref": "master",
        "repo": "home-manager",
        "type": "github"
      }
    },
    "nixos-hardware": {
      "locked": {
        "lastModified": 1633793047,
        "narHash": "sha256-XSMlHMVPKwcEqyHGdFj/ZeGMeZeKNwVExOfLlxcg4oE=",
        "owner": "nixos",
        "repo": "nixos-hardware",
        "rev": "3aabf78bfcae62f5f99474f2ebbbe418f1c6e54f",
        "type": "github"
      },
      "original": {
        "owner": "nixos",
        "repo": "nixos-hardware",
        "type": "github"
      }
    },
    "nixpkgs": {
      "locked": {
        "lastModified": 1632086102,
        "narHash": "sha256-wVTcf0UclFS+zHtfPToB13jIO7n0U9N50MuRbPjQViE=",
        "owner": "NixOS",
        "repo": "nixpkgs",
        "rev": "e0ce3c683ae677cf5aab597d645520cddd13392b",
        "type": "github"
      },
      "original": {
        "owner": "NixOS",
        "ref": "nixpkgs-unstable",
        "repo": "nixpkgs",
        "type": "github"
      }
    },
    "nixpkgs-unstable": {
      "locked": {
        "lastModified": 1635209886,
        "narHash": "sha256-p8UZz0eBvVSg9aY+WJVVcrINBfJw6oybUQuJZrGDm1M=",
        "owner": "NixOS",
        "repo": "nixpkgs",
        "rev": "dcf4f166692721ee796d5c0208e4652c83b22ccc",
        "type": "github"
      },
      "original": {
        "id": "nixpkgs",
        "ref": "master",
        "type": "indirect"
      }
    },
    "nixpkgs_2": {
      "locked": {
        "lastModified": 1634782485,
        "narHash": "sha256-psfh4OQSokGXG0lpq3zKFbhOo3QfoeudRcaUnwMRkQo=",
        "owner": "NixOS",
        "repo": "nixpkgs",
        "rev": "34ad3ffe08adfca17fcb4e4a47bb5f3b113687be",
        "type": "github"
      },
      "original": {
        "id": "nixpkgs",
        "ref": "nixos-unstable",
        "type": "indirect"
      }
    },
    "root": {
      "inputs": {
        "darwin": "darwin",
        "deploy-rs": "deploy-rs",
        "emacs-overlay": "emacs-overlay",
        "home-manager": "home-manager",
        "nixos-hardware": "nixos-hardware",
        "nixpkgs": "nixpkgs_2",
        "nixpkgs-unstable": "nixpkgs-unstable"
      }
    },
    "utils": {
      "locked": {
        "lastModified": 1631561581,
        "narHash": "sha256-3VQMV5zvxaVLvqqUrNz3iJelLw30mIVSfZmAaauM3dA=",
        "owner": "numtide",
        "repo": "flake-utils",
        "rev": "7e5bf3925f6fbdfaf50a2a7ca0be2879c4261d19",
        "type": "github"
      },
      "original": {
        "owner": "numtide",
        "repo": "flake-utils",
        "type": "github"
      }
    }
  },
  "root": "root",
  "version": 7
}
